# Generated by conda-lock.
# platform: linux-64
# input_hash: d36d2dbef533c6505a43006c3632d816fcda0721a83815c96041303ca21da504
@EXPLICIT
https://conda.anaconda.org/conda-forge/linux-64/_libgcc_mutex-0.1-conda_forge.tar.bz2#d7c89558ba9fa0495403155b64376d81
https://conda.anaconda.org/conda-forge/linux-64/ca-certificates-2022.12.7-ha878542_0.conda#ff9f73d45c4a07d6f424495288a26080
https://conda.anaconda.org/conda-forge/linux-64/ld_impl_linux-64-2.40-h41732ed_0.conda#7aca3059a1729aa76c597603f10b0dd3
https://conda.anaconda.org/conda-forge/linux-64/libstdcxx-ng-12.2.0-h46fd767_19.tar.bz2#1030b1f38c129f2634eae026f704fe60
https://conda.anaconda.org/conda-forge/linux-64/python_abi-3.10-3_cp310.conda#4eb33d14d794b0f4be116443ffed3853
https://conda.anaconda.org/conda-forge/noarch/tzdata-2022g-h191b570_0.conda#51fc4fcfb19f5d95ffc8c339db5068e8
https://conda.anaconda.org/conda-forge/linux-64/libgomp-12.2.0-h65d4601_19.tar.bz2#cedcee7c064c01c403f962c9e8d3c373
https://conda.anaconda.org/conda-forge/linux-64/_openmp_mutex-4.5-2_gnu.tar.bz2#73aaf86a425cc6e73fcf236a5a46396d
https://conda.anaconda.org/conda-forge/linux-64/libgcc-ng-12.2.0-h65d4601_19.tar.bz2#e4c94f80aef025c17ab0828cd85ef535
https://conda.anaconda.org/conda-forge/linux-64/bzip2-1.0.8-h7f98852_4.tar.bz2#a1fd65c7ccbf10880423d82bca54eb54
https://conda.anaconda.org/conda-forge/linux-64/c-ares-1.18.1-h7f98852_0.tar.bz2#f26ef8098fab1f719c91eb760d63381a
https://conda.anaconda.org/conda-forge/linux-64/expat-2.5.0-h27087fc_0.tar.bz2#c4fbad8d4bddeb3c085f18cbf97fbfad
https://conda.anaconda.org/conda-forge/linux-64/gettext-0.21.1-h27087fc_0.tar.bz2#14947d8770185e5153fdd04d4673ed37
https://conda.anaconda.org/conda-forge/linux-64/keyutils-1.6.1-h166bdaf_0.tar.bz2#30186d27e2c9fa62b45fb1476b7200e3
https://conda.anaconda.org/conda-forge/linux-64/kubernetes-client-1.24.3-h889fc20_0.tar.bz2#8aecf2a6f02a84825d885cbd8089de05
https://conda.anaconda.org/conda-forge/linux-64/kubernetes-node-1.24.3-h889fc20_0.tar.bz2#65484aaf9657d19c03fb7b67db7fc6fb
https://conda.anaconda.org/conda-forge/linux-64/libev-4.33-h516909a_1.tar.bz2#6f8720dff19e17ce5d48cfe7f3d2f0a3
https://conda.anaconda.org/conda-forge/linux-64/libffi-3.4.2-h7f98852_5.tar.bz2#d645c6d2ac96843a2bfaccd2d62b3ac3
https://conda.anaconda.org/conda-forge/linux-64/libiconv-1.17-h166bdaf_0.tar.bz2#b62b52da46c39ee2bc3c162ac7f1804d
https://conda.anaconda.org/conda-forge/linux-64/libnsl-2.0.0-h7f98852_0.tar.bz2#39b1328babf85c7c3a61636d9cd50206
https://conda.anaconda.org/conda-forge/linux-64/libsodium-1.0.18-h36c2ea0_1.tar.bz2#c3788462a6fbddafdb413a9f9053e58d
https://conda.anaconda.org/conda-forge/linux-64/libuuid-2.32.1-h7f98852_1000.tar.bz2#772d69f030955d9646d3d0eaf21d859d
https://conda.anaconda.org/conda-forge/linux-64/libzlib-1.2.13-h166bdaf_4.tar.bz2#f3f9de449d32ca9b9c66a22863c96f41
https://conda.anaconda.org/conda-forge/linux-64/ncurses-6.3-h27087fc_1.tar.bz2#4acfc691e64342b9dae57cf2adc63238
https://conda.anaconda.org/conda-forge/linux-64/openssl-3.0.7-h0b41bf4_2.conda#45758f4ece9c8b7b5f99328bd5caae51
https://conda.anaconda.org/conda-forge/linux-64/xz-5.2.6-h166bdaf_0.tar.bz2#2161070d867d1b1204ea749c8eec4ef0
https://conda.anaconda.org/conda-forge/linux-64/yaml-0.2.5-h7f98852_2.tar.bz2#4cb3ad778ec2d5a7acbdf254eb1c42ae
https://conda.anaconda.org/conda-forge/linux-64/kubernetes-server-1.24.3-h889fc20_0.tar.bz2#0269446ee49e455e13de8c5d31a17a5a
https://conda.anaconda.org/conda-forge/linux-64/libedit-3.1.20191231-he28a2e2_2.tar.bz2#4d331e44109e3f0e19b4cb8f9b82f3e1
https://conda.anaconda.org/conda-forge/linux-64/libnghttp2-1.51.0-hff17c54_0.conda#dd682f0b6d65e75b2bc868fc8e93d87e
https://conda.anaconda.org/conda-forge/linux-64/libsqlite-3.40.0-h753d276_0.tar.bz2#2e5f9a37d487e1019fd4d8113adb2f9f
https://conda.anaconda.org/conda-forge/linux-64/libssh2-1.10.0-hf14f497_3.tar.bz2#d85acad4b47dff4e3def14a769a97906
https://conda.anaconda.org/conda-forge/linux-64/pcre2-10.40-hc3806b6_0.tar.bz2#69e2c796349cd9b273890bee0febfe1b
https://conda.anaconda.org/conda-forge/linux-64/perl-5.32.1-2_h7f98852_perl5.tar.bz2#09ba115862623f00962e9809ea248f1a
https://conda.anaconda.org/conda-forge/linux-64/readline-8.1.2-h0f457ee_0.tar.bz2#db2ebbe2943aae81ed051a6a9af8e0fa
https://conda.anaconda.org/conda-forge/linux-64/tk-8.6.12-h27826a3_0.tar.bz2#5b8c42eb62e9fc961af70bdd6a26e168
https://conda.anaconda.org/conda-forge/linux-64/krb5-1.20.1-h81ceb04_0.conda#89a41adce7106749573d883b2f657d78
https://conda.anaconda.org/conda-forge/linux-64/kubernetes-1.24.3-ha770c72_0.tar.bz2#82fbc97ed1ee0b306a99e70d0d78ba21
https://conda.anaconda.org/conda-forge/linux-64/python-3.10.9-he550d4f_0_cpython.conda#3cb3e91b3fe66baa68a12c85f39b9b40
https://conda.anaconda.org/conda-forge/noarch/certifi-2022.12.7-pyhd8ed1ab_0.conda#fb9addc3db06e56abe03e0e9f21a63e6
https://conda.anaconda.org/conda-forge/noarch/charset-normalizer-2.1.1-pyhd8ed1ab_0.tar.bz2#c1d5b294fbf9a795dec349a6f4d8be8e
https://conda.anaconda.org/conda-forge/noarch/click-8.1.3-unix_pyhd8ed1ab_2.tar.bz2#20e4087407c7cb04a40817114b333dbf
https://conda.anaconda.org/conda-forge/noarch/cloudpickle-2.2.1-pyhd8ed1ab_0.conda#b325bfc4cff7d7f8a868f1f7ecc4ed16
https://conda.anaconda.org/conda-forge/noarch/fsspec-2023.1.0-pyhd8ed1ab_0.conda#44f6828b8f7cc3433d68d1d1c0e9add2
https://conda.anaconda.org/conda-forge/noarch/heapdict-1.0.1-py_0.tar.bz2#77242bfb1e74a627fb06319b5a2d3b95
https://conda.anaconda.org/conda-forge/noarch/idna-3.4-pyhd8ed1ab_0.tar.bz2#34272b248891bddccc64479f9a7fffed
https://conda.anaconda.org/conda-forge/linux-64/libcurl-7.87.0-hdc1c0ab_0.conda#bc302fa1cf8eda15c60f669b7524a320
https://conda.anaconda.org/conda-forge/noarch/locket-1.0.0-pyhd8ed1ab_0.tar.bz2#91e27ef3d05cc772ce627e51cff111c4
https://conda.anaconda.org/conda-forge/linux-64/markupsafe-2.1.2-py310h1fa729e_0.conda#a1f0db6709778b77b5903541eeac4032
https://conda.anaconda.org/conda-forge/linux-64/msgpack-python-1.0.4-py310hbf28c38_1.tar.bz2#1fa34c9e9be72b7e4c3c9b95017463a3
https://conda.anaconda.org/conda-forge/linux-64/mypy_extensions-0.4.3-py310hff52083_6.tar.bz2#58a812a2f042e6f8c027736c6464d2dd
https://conda.anaconda.org/conda-forge/noarch/natsort-8.2.0-pyhd8ed1ab_0.tar.bz2#a8b2456513ed910ef418021afc5150bb
https://conda.anaconda.org/conda-forge/noarch/packaging-23.0-pyhd8ed1ab_0.conda#1ff2e3ca41f0ce16afec7190db28288b
https://conda.anaconda.org/conda-forge/linux-64/psutil-5.9.4-py310h5764c6d_0.tar.bz2#c3c55664e9becc48e6a652e2b641961f
https://conda.anaconda.org/conda-forge/noarch/pycparser-2.21-pyhd8ed1ab_0.tar.bz2#076becd9e05608f8dc72757d5f3a91ff
https://conda.anaconda.org/conda-forge/noarch/pysocks-1.7.1-pyha2e5f31_6.tar.bz2#2a7de29fb590ca14b5243c4c812c8025
https://conda.anaconda.org/conda-forge/noarch/pytz-2022.7.1-pyhd8ed1ab_0.conda#f59d49a7b464901cf714b9e7984d01a2
https://conda.anaconda.org/conda-forge/noarch/pytzdata-2020.1-pyh9f0ad1d_0.tar.bz2#7dd824593f3a861130ac17c6571546e2
https://conda.anaconda.org/conda-forge/noarch/pywin32-on-windows-0.1.0-pyh1179c8e_3.tar.bz2#2807a0becd1d986fe1ef9b7f8135f215
https://conda.anaconda.org/conda-forge/linux-64/pyyaml-6.0-py310h5764c6d_5.tar.bz2#9e68d2ff6d98737c855b65f48dd3c597
https://conda.anaconda.org/conda-forge/linux-64/ruamel.yaml.clib-0.2.7-py310h1fa729e_1.conda#2f9b517412af46255cef5e53a22c264e
https://conda.anaconda.org/conda-forge/noarch/setuptools-67.1.0-pyhd8ed1ab_0.conda#845dae446df791b5e1a3eaa6454640c1
https://conda.anaconda.org/conda-forge/noarch/six-1.16.0-pyh6c4a22f_0.tar.bz2#e5f25f8dbc060e9a8d912e432202afc2
https://conda.anaconda.org/conda-forge/noarch/sortedcontainers-2.4.0-pyhd8ed1ab_0.tar.bz2#6d6552722448103793743dabfbda532d
https://conda.anaconda.org/conda-forge/noarch/tabulate-0.9.0-pyhd8ed1ab_1.tar.bz2#4759805cce2d914c38472f70bf4d8bcb
https://conda.anaconda.org/conda-forge/noarch/tblib-1.7.0-pyhd8ed1ab_0.tar.bz2#3d4afc31302aa7be471feb6be048ed76
https://conda.anaconda.org/conda-forge/noarch/text-unidecode-1.3-py_0.tar.bz2#afcf07cba949f797ac96c5e13e745cc7
https://conda.anaconda.org/conda-forge/noarch/toml-0.10.2-pyhd8ed1ab_0.tar.bz2#f832c45a477c78bebd107098db465095
https://conda.anaconda.org/conda-forge/noarch/toolz-0.12.0-pyhd8ed1ab_0.tar.bz2#92facfec94bc02d6ccf42e7173831a36
https://conda.anaconda.org/conda-forge/linux-64/tornado-6.2-py310h5764c6d_1.tar.bz2#be4a201ac582c11d89ed7d15b3157cc3
https://conda.anaconda.org/conda-forge/noarch/unidecode-1.3.6-pyhd8ed1ab_0.tar.bz2#e8f24401b17802df5f82f66a88cee29e
https://conda.anaconda.org/conda-forge/noarch/websocket-client-1.5.0-pyhd8ed1ab_0.conda#6df990e93f39e91a3f45d4d885404d56
https://conda.anaconda.org/conda-forge/noarch/wheel-0.38.4-pyhd8ed1ab_0.tar.bz2#c829cfb8cb826acb9de0ac1a2df0a940
https://conda.anaconda.org/conda-forge/noarch/zipp-3.12.0-pyhd8ed1ab_0.conda#edc3568566cc48335f0b5d86d40fdbb9
https://conda.anaconda.org/conda-forge/linux-64/cffi-1.15.1-py310h255011f_3.conda#800596144bb613cd7ac58b80900ce835
https://conda.anaconda.org/conda-forge/linux-64/curl-7.87.0-hdc1c0ab_0.conda#b14123ca479b9473d7f7395b0fd25c97
https://conda.anaconda.org/conda-forge/linux-64/cytoolz-0.12.0-py310h5764c6d_1.tar.bz2#fd18cd597d23b2b5ddde23bd5b7aec32
https://conda.anaconda.org/conda-forge/noarch/importlib_resources-5.10.2-pyhd8ed1ab_0.conda#de76905f801c22fc43e624058574eab3
https://conda.anaconda.org/conda-forge/noarch/jinja2-3.1.2-pyhd8ed1ab_1.tar.bz2#c8490ed5c70966d232fdd389d0dbed37
https://conda.anaconda.org/conda-forge/noarch/marshmallow-3.19.0-pyhd8ed1ab_0.tar.bz2#a01bddee366d4dd6be27300c6427f9ea
https://conda.anaconda.org/conda-forge/noarch/partd-1.3.0-pyhd8ed1ab_0.tar.bz2#af8c82d121e63082926062d61d9abb54
https://conda.anaconda.org/conda-forge/noarch/pip-23.0-pyhd8ed1ab_0.conda#85b35999162ec95f9f999bac15279c02
https://conda.anaconda.org/conda-forge/noarch/python-dateutil-2.8.2-pyhd8ed1ab_0.tar.bz2#dd999d1cc9f79e67dbb855c8924c7984
https://conda.anaconda.org/conda-forge/noarch/python-slugify-8.0.0-pyhd8ed1ab_0.conda#950145d9b3bc6db32349da7519b48602
https://conda.anaconda.org/conda-forge/linux-64/ruamel.yaml-0.17.21-py310h5764c6d_2.tar.bz2#93643151fba5c31c676effdd7661f075
https://conda.anaconda.org/conda-forge/noarch/zict-2.2.0-pyhd8ed1ab_0.tar.bz2#cd563d01df94e51f968645dbf3b310b0
https://conda.anaconda.org/conda-forge/linux-64/bcrypt-3.2.2-py310h5764c6d_1.tar.bz2#b9ed1abcb93da7b8683fd071b81bab6c
https://conda.anaconda.org/conda-forge/linux-64/brotlipy-0.7.0-py310h5764c6d_1005.tar.bz2#87669c3468dff637bbd0363bc0f895cf
https://conda.anaconda.org/conda-forge/noarch/croniter-0.3.36-pyhd8ed1ab_0.tar.bz2#934bffa4a88f8e9f48fe604074c56acb
https://conda.anaconda.org/conda-forge/linux-64/cryptography-39.0.0-py310h34c0648_0.conda#af4b0c22dc4006ce3c095e840cb2efd7
https://conda.anaconda.org/conda-forge/noarch/dask-core-2023.1.1-pyhd8ed1ab_0.conda#025c84e82996ab0a01c0af0069399192
https://conda.anaconda.org/conda-forge/linux-64/git-2.39.1-pl5321h693f4a3_0.conda#12f9ef434e479d7ec9dcd3ab9799a49d
https://conda.anaconda.org/conda-forge/noarch/marshmallow-oneofschema-3.0.1-pyhd8ed1ab_0.tar.bz2#4feef1f2c0f93b72161bb6c838813b30
https://conda.anaconda.org/conda-forge/linux-64/pendulum-2.1.2-py310h5764c6d_5.tar.bz2#d0a481d25d53bfa27b95341d17da86e1
https://conda.anaconda.org/conda-forge/linux-64/pynacl-1.5.0-py310h5764c6d_2.tar.bz2#61e89a7a37bee9dd72449733a9273ae2
https://conda.anaconda.org/conda-forge/linux-64/python-box-6.1.0-py310h5764c6d_0.tar.bz2#dbd6610095d8c925a4fd4e034903fbc0
https://conda.anaconda.org/conda-forge/noarch/paramiko-3.0.0-pyhd8ed1ab_0.conda#9159272243591905b0766ae53e942218
https://conda.anaconda.org/conda-forge/noarch/pyopenssl-23.0.0-pyhd8ed1ab_0.conda#d41957700e83bbb925928764cb7f8878
https://conda.anaconda.org/conda-forge/noarch/urllib3-1.26.14-pyhd8ed1ab_0.conda#01f33ad2e0aaf6b5ba4add50dad5ad29
https://conda.anaconda.org/conda-forge/noarch/distributed-2023.1.1-pyhd8ed1ab_0.conda#14a63c4d353c6200fad2fd9f48b9647a
https://conda.anaconda.org/conda-forge/noarch/requests-2.28.2-pyhd8ed1ab_0.conda#11d178fc55199482ee48d6812ea83983
https://conda.anaconda.org/conda-forge/noarch/docker-py-6.0.0-pyhd8ed1ab_0.tar.bz2#8b0d1b5227ce39053aa69c3ff18417ec
https://conda.anaconda.org/conda-forge/noarch/prefect-0.15.6-pyhd8ed1ab_0.tar.bz2#1a1de05b0839c8736ecbe05f667ee242
